// !$*UTF8*$!
{
	archiveVersion = 1;
	classes = {
	};
	objectVersion = 56;
	objects = {

/* Begin PBXBuildFile section */
		F30C1A48295B4F7200D08B01 /* AppGamePackage in Frameworks */ = {isa = PBXBuildFile; productRef = F30C1A47295B4F7200D08B01 /* AppGamePackage */; };
		F313CCB8295913CB006A3CB5 /* AppDelegate.swift in Sources */ = {isa = PBXBuildFile; fileRef = F313CCB7295913CB006A3CB5 /* AppDelegate.swift */; };
		F313CCBA295913CB006A3CB5 /* SceneDelegate.swift in Sources */ = {isa = PBXBuildFile; fileRef = F313CCB9295913CB006A3CB5 /* SceneDelegate.swift */; };
		F313CCC7295913CD006A3CB5 /* LaunchScreen.storyboard in Resources */ = {isa = PBXBuildFile; fileRef = F313CCC5295913CD006A3CB5 /* LaunchScreen.storyboard */; };
		F313CD4F29591B78006A3CB5 /* Kingfisher in Frameworks */ = {isa = PBXBuildFile; productRef = F313CD4E29591B78006A3CB5 /* Kingfisher */; };
		F3D53DB1295CAC5800DABF71 /* TestModuleBuilder.swift in Sources */ = {isa = PBXBuildFile; fileRef = F3D53DAC295CAC5800DABF71 /* TestModuleBuilder.swift */; };
		F3D53DB2295CAC5800DABF71 /* TestPresenter.swift in Sources */ = {isa = PBXBuildFile; fileRef = F3D53DAD295CAC5800DABF71 /* TestPresenter.swift */; };
		F3D53DB3295CAC5800DABF71 /* TestRouter.swift in Sources */ = {isa = PBXBuildFile; fileRef = F3D53DAE295CAC5800DABF71 /* TestRouter.swift */; };
		F3D53DB4295CAC5800DABF71 /* TestViewController.swift in Sources */ = {isa = PBXBuildFile; fileRef = F3D53DAF295CAC5800DABF71 /* TestViewController.swift */; };
		F3D53DB5295CAC5800DABF71 /* TestInteractor.swift in Sources */ = {isa = PBXBuildFile; fileRef = F3D53DB0295CAC5800DABF71 /* TestInteractor.swift */; };
/* End PBXBuildFile section */

/* Begin PBXFileReference section */
		F313CCB4295913CB006A3CB5 /* GameApp.app */ = {isa = PBXFileReference; explicitFileType = wrapper.application; includeInIndex = 0; path = GameApp.app; sourceTree = BUILT_PRODUCTS_DIR; };
		F313CCB7295913CB006A3CB5 /* AppDelegate.swift */ = {isa = PBXFileReference; lastKnownFileType = sourcecode.swift; path = AppDelegate.swift; sourceTree = "<group>"; };
		F313CCB9295913CB006A3CB5 /* SceneDelegate.swift */ = {isa = PBXFileReference; lastKnownFileType = sourcecode.swift; path = SceneDelegate.swift; sourceTree = "<group>"; };
		F313CCC6295913CD006A3CB5 /* Base */ = {isa = PBXFileReference; lastKnownFileType = file.storyboard; name = Base; path = Base.lproj/LaunchScreen.storyboard; sourceTree = "<group>"; };
		F313CCC8295913CD006A3CB5 /* Info.plist */ = {isa = PBXFileReference; lastKnownFileType = text.plist.xml; name = Info.plist; path = Resourses/Info.plist; sourceTree = "<group>"; };
		F31C5545295B4DBD00305BF3 /* AppGamePackage */ = {isa = PBXFileReference; lastKnownFileType = wrapper; path = AppGamePackage; sourceTree = "<group>"; };
		F3D53DAC295CAC5800DABF71 /* TestModuleBuilder.swift */ = {isa = PBXFileReference; lastKnownFileType = sourcecode.swift; path = TestModuleBuilder.swift; sourceTree = "<group>"; };
		F3D53DAD295CAC5800DABF71 /* TestPresenter.swift */ = {isa = PBXFileReference; lastKnownFileType = sourcecode.swift; path = TestPresenter.swift; sourceTree = "<group>"; };
		F3D53DAE295CAC5800DABF71 /* TestRouter.swift */ = {isa = PBXFileReference; lastKnownFileType = sourcecode.swift; path = TestRouter.swift; sourceTree = "<group>"; };
		F3D53DAF295CAC5800DABF71 /* TestViewController.swift */ = {isa = PBXFileReference; lastKnownFileType = sourcecode.swift; path = TestViewController.swift; sourceTree = "<group>"; };
		F3D53DB0295CAC5800DABF71 /* TestInteractor.swift */ = {isa = PBXFileReference; lastKnownFileType = sourcecode.swift; path = TestInteractor.swift; sourceTree = "<group>"; };
/* End PBXFileReference section */

/* Begin PBXFrameworksBuildPhase section */
		F313CCB1295913CB006A3CB5 /* Frameworks */ = {
			isa = PBXFrameworksBuildPhase;
			buildActionMask = 2147483647;
			files = (
				F313CD4F29591B78006A3CB5 /* Kingfisher in Frameworks */,
				F30C1A48295B4F7200D08B01 /* AppGamePackage in Frameworks */,
			);
			runOnlyForDeploymentPostprocessing = 0;
		};
/* End PBXFrameworksBuildPhase section */

/* Begin PBXGroup section */
		F30C1A46295B4F7200D08B01 /* Frameworks */ = {
			isa = PBXGroup;
			children = (
			);
			name = Frameworks;
			sourceTree = "<group>";
		};
		F313CCAB295913CB006A3CB5 = {
			isa = PBXGroup;
			children = (
				F31C5545295B4DBD00305BF3 /* AppGamePackage */,
				F313CCB6295913CB006A3CB5 /* GameApp */,
				F313CCB5295913CB006A3CB5 /* Products */,
				F30C1A46295B4F7200D08B01 /* Frameworks */,
			);
			sourceTree = "<group>";
		};
		F313CCB5295913CB006A3CB5 /* Products */ = {
			isa = PBXGroup;
			children = (
				F313CCB4295913CB006A3CB5 /* GameApp.app */,
			);
			name = Products;
			sourceTree = "<group>";
		};
		F313CCB6295913CB006A3CB5 /* GameApp */ = {
			isa = PBXGroup;
			children = (
				F3D53DAB295CAC3B00DABF71 /* Test */,
				F313CCB7295913CB006A3CB5 /* AppDelegate.swift */,
				F313CCB9295913CB006A3CB5 /* SceneDelegate.swift */,
				F313CCC5295913CD006A3CB5 /* LaunchScreen.storyboard */,
				F313CCC8295913CD006A3CB5 /* Info.plist */,
			);
			path = GameApp;
			sourceTree = "<group>";
		};
		F3D53DAB295CAC3B00DABF71 /* Test */ = {
			isa = PBXGroup;
			children = (
				F3D53DAC295CAC5800DABF71 /* TestModuleBuilder.swift */,
				F3D53DAD295CAC5800DABF71 /* TestPresenter.swift */,
				F3D53DAE295CAC5800DABF71 /* TestRouter.swift */,
				F3D53DAF295CAC5800DABF71 /* TestViewController.swift */,
				F3D53DB0295CAC5800DABF71 /* TestInteractor.swift */,
			);
			path = Test;
			sourceTree = "<group>";
		};
/* End PBXGroup section */

/* Begin PBXNativeTarget section */
		F313CCB3295913CB006A3CB5 /* GameApp */ = {
			isa = PBXNativeTarget;
			buildConfigurationList = F313CCCB295913CD006A3CB5 /* Build configuration list for PBXNativeTarget "GameApp" */;
			buildPhases = (
				F313CCB0295913CB006A3CB5 /* Sources */,
				F313CCB1295913CB006A3CB5 /* Frameworks */,
				F313CCB2295913CB006A3CB5 /* Resources */,
			);
			buildRules = (
			);
			dependencies = (
			);
			name = GameApp;
			packageProductDependencies = (
				F313CD4E29591B78006A3CB5 /* Kingfisher */,
				F30C1A47295B4F7200D08B01 /* AppGamePackage */,
			);
			productName = GameApp;
			productReference = F313CCB4295913CB006A3CB5 /* GameApp.app */;
			productType = "com.apple.product-type.application";
		};
/* End PBXNativeTarget section */

/* Begin PBXProject section */
		F313CCAC295913CB006A3CB5 /* Project object */ = {
			isa = PBXProject;
			attributes = {
				BuildIndependentTargetsInParallel = 1;
				LastSwiftUpdateCheck = 1400;
				LastUpgradeCheck = 1400;
				TargetAttributes = {
					F313CCB3295913CB006A3CB5 = {
						CreatedOnToolsVersion = 14.0.1;
					};
				};
			};
			buildConfigurationList = F313CCAF295913CB006A3CB5 /* Build configuration list for PBXProject "GameApp" */;
			compatibilityVersion = "Xcode 14.0";
			developmentRegion = en;
			hasScannedForEncodings = 0;
			knownRegions = (
				en,
				Base,
			);
			mainGroup = F313CCAB295913CB006A3CB5;
			packageReferences = (
				F313CD4D29591B78006A3CB5 /* XCRemoteSwiftPackageReference "Kingfisher" */,
			);
			productRefGroup = F313CCB5295913CB006A3CB5 /* Products */;
			projectDirPath = "";
			projectRoot = "";
			targets = (
				F313CCB3295913CB006A3CB5 /* GameApp */,
			);
		};
/* End PBXProject section */

/* Begin PBXResourcesBuildPhase section */
		F313CCB2295913CB006A3CB5 /* Resources */ = {
			isa = PBXResourcesBuildPhase;
			buildActionMask = 2147483647;
			files = (
				F313CCC7295913CD006A3CB5 /* LaunchScreen.storyboard in Resources */,
			);
			runOnlyForDeploymentPostprocessing = 0;
		};
/* End PBXResourcesBuildPhase section */

/* Begin PBXSourcesBuildPhase section */
		F313CCB0295913CB006A3CB5 /* Sources */ = {
			isa = PBXSourcesBuildPhase;
			buildActionMask = 2147483647;
			files = (
				F313CCB8295913CB006A3CB5 /* AppDelegate.swift in Sources */,
				F3D53DB3295CAC5800DABF71 /* TestRouter.swift in Sources */,
				F313CCBA295913CB006A3CB5 /* SceneDelegate.swift in Sources */,
				F3D53DB5295CAC5800DABF71 /* TestInteractor.swift in Sources */,
				F3D53DB2295CAC5800DABF71 /* TestPresenter.swift in Sources */,
				F3D53DB4295CAC5800DABF71 /* TestViewController.swift in Sources */,
				F3D53DB1295CAC5800DABF71 /* TestModuleBuilder.swift in Sources */,
			);
			runOnlyForDeploymentPostprocessing = 0;
		};
/* End PBXSourcesBuildPhase section */

/* Begin PBXVariantGroup section */
		F313CCC5295913CD006A3CB5 /* LaunchScreen.storyboard */ = {
			isa = PBXVariantGroup;
			children = (
				F313CCC6295913CD006A3CB5 /* Base */,
			);
			name = LaunchScreen.storyboard;
			sourceTree = "<group>";
		};
/* End PBXVariantGroup section */

/* Begin XCBuildConfiguration section */
		F313CCC9295913CD006A3CB5 /* Debug */ = {
			isa = XCBuildConfiguration;
			buildSettings = {
				ALWAYS_SEARCH_USER_PATHS = NO;
				CLANG_ANALYZER_NONNULL = YES;
				CLANG_ANALYZER_NUMBER_OBJECT_CONVERSION = YES_AGGRESSIVE;
				CLANG_CXX_LANGUAGE_STANDARD = "gnu++20";
				CLANG_ENABLE_MODULES = YES;
				CLANG_ENABLE_OBJC_ARC = YES;
				CLANG_ENABLE_OBJC_WEAK = YES;
				CLANG_WARN_BLOCK_CAPTURE_AUTORELEASING = YES;
				CLANG_WARN_BOOL_CONVERSION = YES;
				CLANG_WARN_COMMA = YES;
				CLANG_WARN_CONSTANT_CONVERSION = YES;
				CLANG_WARN_DEPRECATED_OBJC_IMPLEMENTATIONS = YES;
				CLANG_WARN_DIRECT_OBJC_ISA_USAGE = YES_ERROR;
				CLANG_WARN_DOCUMENTATION_COMMENTS = YES;
				CLANG_WARN_EMPTY_BODY = YES;
				CLANG_WARN_ENUM_CONVERSION = YES;
				CLANG_WARN_INFINITE_RECURSION = YES;
				CLANG_WARN_INT_CONVERSION = YES;
				CLANG_WARN_NON_LITERAL_NULL_CONVERSION = YES;
				CLANG_WARN_OBJC_IMPLICIT_RETAIN_SELF = YES;
				CLANG_WARN_OBJC_LITERAL_CONVERSION = YES;
				CLANG_WARN_OBJC_ROOT_CLASS = YES_ERROR;
				CLANG_WARN_QUOTED_INCLUDE_IN_FRAMEWORK_HEADER = YES;
				CLANG_WARN_RANGE_LOOP_ANALYSIS = YES;
				CLANG_WARN_STRICT_PROTOTYPES = YES;
				CLANG_WARN_SUSPICIOUS_MOVE = YES;
				CLANG_WARN_UNGUARDED_AVAILABILITY = YES_AGGRESSIVE;
				CLANG_WARN_UNREACHABLE_CODE = YES;
				CLANG_WARN__DUPLICATE_METHOD_MATCH = YES;
				COPY_PHASE_STRIP = NO;
				DEBUG_INFORMATION_FORMAT = dwarf;
				ENABLE_STRICT_OBJC_MSGSEND = YES;
				ENABLE_TESTABILITY = YES;
				GCC_C_LANGUAGE_STANDARD = gnu11;
				GCC_DYNAMIC_NO_PIC = NO;
				GCC_NO_COMMON_BLOCKS = YES;
				GCC_OPTIMIZATION_LEVEL = 0;
				GCC_PREPROCESSOR_DEFINITIONS = (
					"DEBUG=1",
					"$(inherited)",
				);
				GCC_WARN_64_TO_32_BIT_CONVERSION = YES;
				GCC_WARN_ABOUT_RETURN_TYPE = YES_ERROR;
				GCC_WARN_UNDECLARED_SELECTOR = YES;
				GCC_WARN_UNINITIALIZED_AUTOS = YES_AGGRESSIVE;
				GCC_WARN_UNUSED_FUNCTION = YES;
				GCC_WARN_UNUSED_VARIABLE = YES;
				IPHONEOS_DEPLOYMENT_TARGET = 16.0;
				MTL_ENABLE_DEBUG_INFO = INCLUDE_SOURCE;
				MTL_FAST_MATH = YES;
				ONLY_ACTIVE_ARCH = YES;
				SDKROOT = iphoneos;
				SWIFT_ACTIVE_COMPILATION_CONDITIONS = DEBUG;
				SWIFT_OPTIMIZATION_LEVEL = "-Onone";
			};
			name = Debug;
		};
		F313CCCA295913CD006A3CB5 /* Release */ = {
			isa = XCBuildConfiguration;
			buildSettings = {
				ALWAYS_SEARCH_USER_PATHS = NO;
				CLANG_ANALYZER_NONNULL = YES;
				CLANG_ANALYZER_NUMBER_OBJECT_CONVERSION = YES_AGGRESSIVE;
				CLANG_CXX_LANGUAGE_STANDARD = "gnu++20";
				CLANG_ENABLE_MODULES = YES;
				CLANG_ENABLE_OBJC_ARC = YES;
				CLANG_ENABLE_OBJC_WEAK = YES;
				CLANG_WARN_BLOCK_CAPTURE_AUTORELEASING = YES;
				CLANG_WARN_BOOL_CONVERSION = YES;
				CLANG_WARN_COMMA = YES;
				CLANG_WARN_CONSTANT_CONVERSION = YES;
				CLANG_WARN_DEPRECATED_OBJC_IMPLEMENTATIONS = YES;
				CLANG_WARN_DIRECT_OBJC_ISA_USAGE = YES_ERROR;
				CLANG_WARN_DOCUMENTATION_COMMENTS = YES;
				CLANG_WARN_EMPTY_BODY = YES;
				CLANG_WARN_ENUM_CONVERSION = YES;
				CLANG_WARN_INFINITE_RECURSION = YES;
				CLANG_WARN_INT_CONVERSION = YES;
				CLANG_WARN_NON_LITERAL_NULL_CONVERSION = YES;
				CLANG_WARN_OBJC_IMPLICIT_RETAIN_SELF = YES;
				CLANG_WARN_OBJC_LITERAL_CONVERSION = YES;
				CLANG_WARN_OBJC_ROOT_CLASS = YES_ERROR;
				CLANG_WARN_QUOTED_INCLUDE_IN_FRAMEWORK_HEADER = YES;
				CLANG_WARN_RANGE_LOOP_ANALYSIS = YES;
				CLANG_WARN_STRICT_PROTOTYPES = YES;
				CLANG_WARN_SUSPICIOUS_MOVE = YES;
				CLANG_WARN_UNGUARDED_AVAILABILITY = YES_AGGRESSIVE;
				CLANG_WARN_UNREACHABLE_CODE = YES;
				CLANG_WARN__DUPLICATE_METHOD_MATCH = YES;
				COPY_PHASE_STRIP = NO;
				DEBUG_INFORMATION_FORMAT = "dwarf-with-dsym";
				ENABLE_NS_ASSERTIONS = NO;
				ENABLE_STRICT_OBJC_MSGSEND = YES;
				GCC_C_LANGUAGE_STANDARD = gnu11;
				GCC_NO_COMMON_BLOCKS = YES;
				GCC_WARN_64_TO_32_BIT_CONVERSION = YES;
				GCC_WARN_ABOUT_RETURN_TYPE = YES_ERROR;
				GCC_WARN_UNDECLARED_SELECTOR = YES;
				GCC_WARN_UNINITIALIZED_AUTOS = YES_AGGRESSIVE;
				GCC_WARN_UNUSED_FUNCTION = YES;
				GCC_WARN_UNUSED_VARIABLE = YES;
				IPHONEOS_DEPLOYMENT_TARGET = 16.0;
				MTL_ENABLE_DEBUG_INFO = NO;
				MTL_FAST_MATH = YES;
				SDKROOT = iphoneos;
				SWIFT_COMPILATION_MODE = wholemodule;
				SWIFT_OPTIMIZATION_LEVEL = "-O";
				VALIDATE_PRODUCT = YES;
			};
			name = Release;
		};
		F313CCCC295913CD006A3CB5 /* Debug */ = {
			isa = XCBuildConfiguration;
			buildSettings = {
				ASSETCATALOG_COMPILER_APPICON_NAME = AppIcon;
				ASSETCATALOG_COMPILER_GLOBAL_ACCENT_COLOR_NAME = AccentColor;
				CODE_SIGN_STYLE = Automatic;
				CURRENT_PROJECT_VERSION = 1;
				DEVELOPMENT_TEAM = SBJRDKU568;
				GENERATE_INFOPLIST_FILE = YES;
				INFOPLIST_FILE = GameApp/Info.plist;
				INFOPLIST_KEY_LSApplicationCategoryType = "public.app-category.books";
				INFOPLIST_KEY_UIApplicationSupportsIndirectInputEvents = YES;
				INFOPLIST_KEY_UILaunchStoryboardName = LaunchScreen;
				INFOPLIST_KEY_UISupportedInterfaceOrientations_iPad = "UIInterfaceOrientationPortrait UIInterfaceOrientationPortraitUpsideDown UIInterfaceOrientationLandscapeLeft UIInterfaceOrientationLandscapeRight";
				INFOPLIST_KEY_UISupportedInterfaceOrientations_iPhone = "UIInterfaceOrientationPortrait UIInterfaceOrientationLandscapeLeft UIInterfaceOrientationLandscapeRight";
				IPHONEOS_DEPLOYMENT_TARGET = 13.0;
				LD_RUNPATH_SEARCH_PATHS = (
					"$(inherited)",
					"@executable_path/Frameworks",
				);
				MARKETING_VERSION = 1.0;
				PRODUCT_BUNDLE_IDENTIFIER = Oleg.GameApp;
				PRODUCT_NAME = "$(TARGET_NAME)";
				SWIFT_EMIT_LOC_STRINGS = YES;
				SWIFT_VERSION = 5.0;
				TARGETED_DEVICE_FAMILY = "1,2";
			};
			name = Debug;
		};
		F313CCCD295913CD006A3CB5 /* Release */ = {
			isa = XCBuildConfiguration;
			buildSettings = {
				ASSETCATALOG_COMPILER_APPICON_NAME = AppIcon;
				ASSETCATALOG_COMPILER_GLOBAL_ACCENT_COLOR_NAME = AccentColor;
				CODE_SIGN_STYLE = Automatic;
				CURRENT_PROJECT_VERSION = 1;
				DEVELOPMENT_TEAM = SBJRDKU568;
				GENERATE_INFOPLIST_FILE = YES;
				INFOPLIST_FILE = GameApp/Info.plist;
				INFOPLIST_KEY_LSApplicationCategoryType = "public.app-category.books";
				INFOPLIST_KEY_UIApplicationSupportsIndirectInputEvents = YES;
				INFOPLIST_KEY_UILaunchStoryboardName = LaunchScreen;
				INFOPLIST_KEY_UISupportedInterfaceOrientations_iPad = "UIInterfaceOrientationPortrait UIInterfaceOrientationPortraitUpsideDown UIInterfaceOrientationLandscapeLeft UIInterfaceOrientationLandscapeRight";
				INFOPLIST_KEY_UISupportedInterfaceOrientations_iPhone = "UIInterfaceOrientationPortrait UIInterfaceOrientationLandscapeLeft UIInterfaceOrientationLandscapeRight";
				IPHONEOS_DEPLOYMENT_TARGET = 13.0;
				LD_RUNPATH_SEARCH_PATHS = (
					"$(inherited)",
					"@executable_path/Frameworks",
				);
				MARKETING_VERSION = 1.0;
				PRODUCT_BUNDLE_IDENTIFIER = Oleg.GameApp;
				PRODUCT_NAME = "$(TARGET_NAME)";
				SWIFT_EMIT_LOC_STRINGS = YES;
				SWIFT_VERSION = 5.0;
				TARGETED_DEVICE_FAMILY = "1,2";
			};
			name = Release;
		};
/* End XCBuildConfiguration section */

/* Begin XCConfigurationList section */
		F313CCAF295913CB006A3CB5 /* Build configuration list for PBXProject "GameApp" */ = {
			isa = XCConfigurationList;
			buildConfigurations = (
				F313CCC9295913CD006A3CB5 /* Debug */,
				F313CCCA295913CD006A3CB5 /* Release */,
			);
			defaultConfigurationIsVisible = 0;
			defaultConfigurationName = Release;
		};
		F313CCCB295913CD006A3CB5 /* Build configuration list for PBXNativeTarget "GameApp" */ = {
			isa = XCConfigurationList;
			buildConfigurations = (
				F313CCCC295913CD006A3CB5 /* Debug */,
				F313CCCD295913CD006A3CB5 /* Release */,
			);
			defaultConfigurationIsVisible = 0;
			defaultConfigurationName = Release;
		};
/* End XCConfigurationList section */

/* Begin XCRemoteSwiftPackageReference section */
		F313CD4D29591B78006A3CB5 /* XCRemoteSwiftPackageReference "Kingfisher" */ = {
			isa = XCRemoteSwiftPackageReference;
			repositoryURL = "https://github.com/onevcat/Kingfisher.git";
			requirement = {
				branch = master;
				kind = branch;
			};
		};
/* End XCRemoteSwiftPackageReference section */

/* Begin XCSwiftPackageProductDependency section */
		F30C1A47295B4F7200D08B01 /* AppGamePackage */ = {
			isa = XCSwiftPackageProductDependency;
			productName = AppGamePackage;
		};
		F313CD4E29591B78006A3CB5 /* Kingfisher */ = {
			isa = XCSwiftPackageProductDependency;
			package = F313CD4D29591B78006A3CB5 /* XCRemoteSwiftPackageReference "Kingfisher" */;
			productName = Kingfisher;
		};
/* End XCSwiftPackageProductDependency section */
	};
	rootObject = F313CCAC295913CB006A3CB5 /* Project object */;
}
